// !$*UTF8*$!
{
	archiveVersion = 1;
	classes = {
	};
	objectVersion = 50;
	objects = {

/* Begin PBXBuildFile section */
		FBDA2C7B2317B2AB00E4E994 /* AppDelegate.swift in Sources */ = {isa = PBXBuildFile; fileRef = FBDA2C7A2317B2AB00E4E994 /* AppDelegate.swift */; };
		FBDA2C7D2317B2AB00E4E994 /* ViewController.swift in Sources */ = {isa = PBXBuildFile; fileRef = FBDA2C7C2317B2AB00E4E994 /* ViewController.swift */; };
		FBDA2C802317B2AB00E4E994 /* Main.storyboard in Resources */ = {isa = PBXBuildFile; fileRef = FBDA2C7E2317B2AB00E4E994 /* Main.storyboard */; };
		FBDA2C822317B2AC00E4E994 /* Assets.xcassets in Resources */ = {isa = PBXBuildFile; fileRef = FBDA2C812317B2AC00E4E994 /* Assets.xcassets */; };
		FBDA2C852317B2AC00E4E994 /* LaunchScreen.storyboard in Resources */ = {isa = PBXBuildFile; fileRef = FBDA2C832317B2AC00E4E994 /* LaunchScreen.storyboard */; };
		FBDA2C8F2317BE2E00E4E994 /* logo.png in Resources */ = {isa = PBXBuildFile; fileRef = FBDA2C8E2317BE2E00E4E994 /* logo.png */; };
		FBDA2C912317BFC600E4E994 /* logo_half.png in Resources */ = {isa = PBXBuildFile; fileRef = FBDA2C902317BFC600E4E994 /* logo_half.png */; };
/* End PBXBuildFile section */

/* Begin PBXFileReference section */
		FBDA2C772317B2AB00E4E994 /* BarcodeQRGenerator.app */ = {isa = PBXFileReference; explicitFileType = wrapper.application; includeInIndex = 0; path = BarcodeQRGenerator.app; sourceTree = BUILT_PRODUCTS_DIR; };
		FBDA2C7A2317B2AB00E4E994 /* AppDelegate.swift */ = {isa = PBXFileReference; lastKnownFileType = sourcecode.swift; path = AppDelegate.swift; sourceTree = "<group>"; };
		FBDA2C7C2317B2AB00E4E994 /* ViewController.swift */ = {isa = PBXFileReference; lastKnownFileType = sourcecode.swift; path = ViewController.swift; sourceTree = "<group>"; };
		FBDA2C7F2317B2AB00E4E994 /* Base */ = {isa = PBXFileReference; lastKnownFileType = file.storyboard; name = Base; path = Base.lproj/Main.storyboard; sourceTree = "<group>"; };
		FBDA2C812317B2AC00E4E994 /* Assets.xcassets */ = {isa = PBXFileReference; lastKnownFileType = folder.assetcatalog; path = Assets.xcassets; sourceTree = "<group>"; };
		FBDA2C842317B2AC00E4E994 /* Base */ = {isa = PBXFileReference; lastKnownFileType = file.storyboard; name = Base; path = Base.lproj/LaunchScreen.storyboard; sourceTree = "<group>"; };
		FBDA2C862317B2AC00E4E994 /* Info.plist */ = {isa = PBXFileReference; lastKnownFileType = text.plist.xml; path = Info.plist; sourceTree = "<group>"; };
		FBDA2C8E2317BE2E00E4E994 /* logo.png */ = {isa = PBXFileReference; lastKnownFileType = image.png; path = logo.png; sourceTree = "<group>"; };
		FBDA2C902317BFC600E4E994 /* logo_half.png */ = {isa = PBXFileReference; lastKnownFileType = image.png; path = logo_half.png; sourceTree = "<group>"; };
/* End PBXFileReference section */

/* Begin PBXFrameworksBuildPhase section */
		FBDA2C742317B2AB00E4E994 /* Frameworks */ = {
			isa = PBXFrameworksBuildPhase;
			buildActionMask = 2147483647;
			files = (
			);
			runOnlyForDeploymentPostprocessing = 0;
		};
/* End PBXFrameworksBuildPhase section */

/* Begin PBXGroup section */
		FBDA2C6E2317B2AB00E4E994 = {
			isa = PBXGroup;
			children = (
				FBDA2C792317B2AB00E4E994 /* BarcodeQRGenerator */,
				FBDA2C782317B2AB00E4E994 /* Products */,
			);
			sourceTree = "<group>";
		};
		FBDA2C782317B2AB00E4E994 /* Products */ = {
			isa = PBXGroup;
			children = (
				FBDA2C772317B2AB00E4E994 /* BarcodeQRGenerator.app */,
			);
			name = Products;
			sourceTree = "<group>";
		};
		FBDA2C792317B2AB00E4E994 /* BarcodeQRGenerator */ = {
			isa = PBXGroup;
			children = (
				FBDA2C902317BFC600E4E994 /* logo_half.png */,
				FBDA2C8E2317BE2E00E4E994 /* logo.png */,
				FBDA2C7A2317B2AB00E4E994 /* AppDelegate.swift */,
				FBDA2C7C2317B2AB00E4E994 /* ViewController.swift */,
				FBDA2C7E2317B2AB00E4E994 /* Main.storyboard */,
				FBDA2C812317B2AC00E4E994 /* Assets.xcassets */,
				FBDA2C832317B2AC00E4E994 /* LaunchScreen.storyboard */,
				FBDA2C862317B2AC00E4E994 /* Info.plist */,
			);
			path = BarcodeQRGenerator;
			sourceTree = "<group>";
		};
/* End PBXGroup section */

/* Begin PBXNativeTarget section */
		FBDA2C762317B2AB00E4E994 /* BarcodeQRGenerator */ = {
			isa = PBXNativeTarget;
			buildConfigurationList = FBDA2C892317B2AC00E4E994 /* Build configuration list for PBXNativeTarget "BarcodeQRGenerator" */;
			buildPhases = (
				FBDA2C732317B2AB00E4E994 /* Sources */,
				FBDA2C742317B2AB00E4E994 /* Frameworks */,
				FBDA2C752317B2AB00E4E994 /* Resources */,
			);
			buildRules = (
			);
			dependencies = (
			);
			name = BarcodeQRGenerator;
			productName = BarcodeQRGenerator;
			productReference = FBDA2C772317B2AB00E4E994 /* BarcodeQRGenerator.app */;
			productType = "com.apple.product-type.application";
		};
/* End PBXNativeTarget section */

/* Begin PBXProject section */
		FBDA2C6F2317B2AB00E4E994 /* Project object */ = {
			isa = PBXProject;
			attributes = {
				LastSwiftUpdateCheck = 1030;
				LastUpgradeCheck = 1030;
				ORGANIZATIONNAME = VPS;
				TargetAttributes = {
					FBDA2C762317B2AB00E4E994 = {
						CreatedOnToolsVersion = 10.3;
					};
				};
			};
			buildConfigurationList = FBDA2C722317B2AB00E4E994 /* Build configuration list for PBXProject "BarcodeQRGenerator" */;
			compatibilityVersion = "Xcode 9.3";
			developmentRegion = en;
			hasScannedForEncodings = 0;
			knownRegions = (
				en,
				Base,
			);
			mainGroup = FBDA2C6E2317B2AB00E4E994;
			productRefGroup = FBDA2C782317B2AB00E4E994 /* Products */;
			projectDirPath = "";
			projectRoot = "";
			targets = (
				FBDA2C762317B2AB00E4E994 /* BarcodeQRGenerator */,
			);
		};
/* End PBXProject section */

/* Begin PBXResourcesBuildPhase section */
		FBDA2C752317B2AB00E4E994 /* Resources */ = {
			isa = PBXResourcesBuildPhase;
			buildActionMask = 2147483647;
			files = (
				FBDA2C852317B2AC00E4E994 /* LaunchScreen.storyboard in Resources */,
				FBDA2C822317B2AC00E4E994 /* Assets.xcassets in Resources */,
				FBDA2C912317BFC600E4E994 /* logo_half.png in Resources */,
				FBDA2C802317B2AB00E4E994 /* Main.storyboard in Resources */,
				FBDA2C8F2317BE2E00E4E994 /* logo.png in Resources */,
			);
			runOnlyForDeploymentPostprocessing = 0;
		};
/* End PBXResourcesBuildPhase section */

/* Begin PBXSourcesBuildPhase section */
		FBDA2C732317B2AB00E4E994 /* Sources */ = {
			isa = PBXSourcesBuildPhase;
			buildActionMask = 2147483647;
			files = (
				FBDA2C7D2317B2AB00E4E994 /* ViewController.swift in Sources */,
				FBDA2C7B2317B2AB00E4E994 /* AppDelegate.swift in Sources */,
			);
			runOnlyForDeploymentPostprocessing = 0;
		};
/* End PBXSourcesBuildPhase section */

/* Begin PBXVariantGroup section */
		FBDA2C7E2317B2AB00E4E994 /* Main.storyboard */ = {
			isa = PBXVariantGroup;
			children = (
				FBDA2C7F2317B2AB00E4E994 /* Base */,
			);
			name = Main.storyboard;
			sourceTree = "<group>";
		};
		FBDA2C832317B2AC00E4E994 /* LaunchScreen.storyboard */ = {
			isa = PBXVariantGroup;
			children = (
				FBDA2C842317B2AC00E4E994 /* Base */,
			);
			name = LaunchScreen.storyboard;
			sourceTree = "<group>";
		};
/* End PBXVariantGroup section */

/* Begin XCBuildConfiguration section */
		FBDA2C872317B2AC00E4E994 /* Debug */ = {
			isa = XCBuildConfiguration;
			buildSettings = {
				ALWAYS_SEARCH_USER_PATHS = NO;
				CLANG_ANALYZER_NONNULL = YES;
				CLANG_ANALYZER_NUMBER_OBJECT_CONVERSION = YES_AGGRESSIVE;
				CLANG_CXX_LANGUAGE_STANDARD = "gnu++14";
				CLANG_CXX_LIBRARY = "libc++";
				CLANG_ENABLE_MODULES = YES;
				CLANG_ENABLE_OBJC_ARC = YES;
				CLANG_ENABLE_OBJC_WEAK = YES;
				CLANG_WARN_BLOCK_CAPTURE_AUTORELEASING = YES;
				CLANG_WARN_BOOL_CONVERSION = YES;
				CLANG_WARN_COMMA = YES;
				CLANG_WARN_CONSTANT_CONVERSION = YES;
				CLANG_WARN_DEPRECATED_OBJC_IMPLEMENTATIONS = YES;
				CLANG_WARN_DIRECT_OBJC_ISA_USAGE = YES_ERROR;
				CLANG_WARN_DOCUMENTATION_COMMENTS = YES;
				CLANG_WARN_EMPTY_BODY = YES;
				CLANG_WARN_ENUM_CONVERSION = YES;
				CLANG_WARN_INFINITE_RECURSION = YES;
				CLANG_WARN_INT_CONVERSION = YES;
				CLANG_WARN_NON_LITERAL_NULL_CONVERSION = YES;
				CLANG_WARN_OBJC_IMPLICIT_RETAIN_SELF = YES;
				CLANG_WARN_OBJC_LITERAL_CONVERSION = YES;
				CLANG_WARN_OBJC_ROOT_CLASS = YES_ERROR;
				CLANG_WARN_RANGE_LOOP_ANALYSIS = YES;
				CLANG_WARN_STRICT_PROTOTYPES = YES;
				CLANG_WARN_SUSPICIOUS_MOVE = YES;
				CLANG_WARN_UNGUARDED_AVAILABILITY = YES_AGGRESSIVE;
				CLANG_WARN_UNREACHABLE_CODE = YES;
				CLANG_WARN__DUPLICATE_METHOD_MATCH = YES;
				CODE_SIGN_IDENTITY = "iPhone Developer";
				COPY_PHASE_STRIP = NO;
				DEBUG_INFORMATION_FORMAT = dwarf;
				ENABLE_STRICT_OBJC_MSGSEND = YES;
				ENABLE_TESTABILITY = YES;
				GCC_C_LANGUAGE_STANDARD = gnu11;
				GCC_DYNAMIC_NO_PIC = NO;
				GCC_NO_COMMON_BLOCKS = YES;
				GCC_OPTIMIZATION_LEVEL = 0;
				GCC_PREPROCESSOR_DEFINITIONS = (
					"DEBUG=1",
					"$(inherited)",
				);
				GCC_WARN_64_TO_32_BIT_CONVERSION = YES;
				GCC_WARN_ABOUT_RETURN_TYPE = YES_ERROR;
				GCC_WARN_UNDECLARED_SELECTOR = YES;
				GCC_WARN_UNINITIALIZED_AUTOS = YES_AGGRESSIVE;
				GCC_WARN_UNUSED_FUNCTION = YES;
				GCC_WARN_UNUSED_VARIABLE = YES;
				IPHONEOS_DEPLOYMENT_TARGET = 12.4;
				MTL_ENABLE_DEBUG_INFO = INCLUDE_SOURCE;
				MTL_FAST_MATH = YES;
				ONLY_ACTIVE_ARCH = YES;
				SDKROOT = iphoneos;
				SWIFT_ACTIVE_COMPILATION_CONDITIONS = DEBUG;
				SWIFT_OPTIMIZATION_LEVEL = "-Onone";
			};
			name = Debug;
		};
		FBDA2C882317B2AC00E4E994 /* Release */ = {
			isa = XCBuildConfiguration;
			buildSettings = {
				ALWAYS_SEARCH_USER_PATHS = NO;
				CLANG_ANALYZER_NONNULL = YES;
				CLANG_ANALYZER_NUMBER_OBJECT_CONVERSION = YES_AGGRESSIVE;
				CLANG_CXX_LANGUAGE_STANDARD = "gnu++14";
				CLANG_CXX_LIBRARY = "libc++";
				CLANG_ENABLE_MODULES = YES;
				CLANG_ENABLE_OBJC_ARC = YES;
				CLANG_ENABLE_OBJC_WEAK = YES;
				CLANG_WARN_BLOCK_CAPTURE_AUTORELEASING = YES;
				CLANG_WARN_BOOL_CONVERSION = YES;
				CLANG_WARN_COMMA = YES;
				CLANG_WARN_CONSTANT_CONVERSION = YES;
				CLANG_WARN_DEPRECATED_OBJC_IMPLEMENTATIONS = YES;
				CLANG_WARN_DIRECT_OBJC_ISA_USAGE = YES_ERROR;
				CLANG_WARN_DOCUMENTATION_COMMENTS = YES;
				CLANG_WARN_EMPTY_BODY = YES;
				CLANG_WARN_ENUM_CONVERSION = YES;
				CLANG_WARN_INFINITE_RECURSION = YES;
				CLANG_WARN_INT_CONVERSION = YES;
				CLANG_WARN_NON_LITERAL_NULL_CONVERSION = YES;
				CLANG_WARN_OBJC_IMPLICIT_RETAIN_SELF = YES;
				CLANG_WARN_OBJC_LITERAL_CONVERSION = YES;
				CLANG_WARN_OBJC_ROOT_CLASS = YES_ERROR;
				CLANG_WARN_RANGE_LOOP_ANALYSIS = YES;
				CLANG_WARN_STRICT_PROTOTYPES = YES;
				CLANG_WARN_SUSPICIOUS_MOVE = YES;
				CLANG_WARN_UNGUARDED_AVAILABILITY = YES_AGGRESSIVE;
				CLANG_WARN_UNREACHABLE_CODE = YES;
				CLANG_WARN__DUPLICATE_METHOD_MATCH = YES;
				CODE_SIGN_IDENTITY = "iPhone Developer";
				COPY_PHASE_STRIP = NO;
				DEBUG_INFORMATION_FORMAT = "dwarf-with-dsym";
				ENABLE_NS_ASSERTIONS = NO;
				ENABLE_STRICT_OBJC_MSGSEND = YES;
				GCC_C_LANGUAGE_STANDARD = gnu11;
				GCC_NO_COMMON_BLOCKS = YES;
				GCC_WARN_64_TO_32_BIT_CONVERSION = YES;
				GCC_WARN_ABOUT_RETURN_TYPE = YES_ERROR;
				GCC_WARN_UNDECLARED_SELECTOR = YES;
				GCC_WARN_UNINITIALIZED_AUTOS = YES_AGGRESSIVE;
				GCC_WARN_UNUSED_FUNCTION = YES;
				GCC_WARN_UNUSED_VARIABLE = YES;
				IPHONEOS_DEPLOYMENT_TARGET = 12.4;
				MTL_ENABLE_DEBUG_INFO = NO;
				MTL_FAST_MATH = YES;
				SDKROOT = iphoneos;
				SWIFT_COMPILATION_MODE = wholemodule;
				SWIFT_OPTIMIZATION_LEVEL = "-O";
				VALIDATE_PRODUCT = YES;
			};
			name = Release;
		};
		FBDA2C8A2317B2AC00E4E994 /* Debug */ = {
			isa = XCBuildConfiguration;
			buildSettings = {
				ASSETCATALOG_COMPILER_APPICON_NAME = AppIcon;
				CODE_SIGN_STYLE = Automatic;
				DEVELOPMENT_TEAM = L3BXQ56R4P;
				INFOPLIST_FILE = BarcodeQRGenerator/Info.plist;
				LD_RUNPATH_SEARCH_PATHS = (
					"$(inherited)",
					"@executable_path/Frameworks",
				);
				PRODUCT_BUNDLE_IDENTIFIER = com.vps.BarcodeQRGenerator;
				PRODUCT_NAME = "$(TARGET_NAME)";
				SWIFT_VERSION = 5.0;
				TARGETED_DEVICE_FAMILY = "1,2";
			};
			name = Debug;
		};
		FBDA2C8B2317B2AC00E4E994 /* Release */ = {
			isa = XCBuildConfiguration;
			buildSettings = {
				ASSETCATALOG_COMPILER_APPICON_NAME = AppIcon;
				CODE_SIGN_STYLE = Automatic;
				DEVELOPMENT_TEAM = L3BXQ56R4P;
				INFOPLIST_FILE = BarcodeQRGenerator/Info.plist;
				LD_RUNPATH_SEARCH_PATHS = (
					"$(inherited)",
					"@executable_path/Frameworks",
				);
				PRODUCT_BUNDLE_IDENTIFIER = com.vps.BarcodeQRGenerator;
				PRODUCT_NAME = "$(TARGET_NAME)";
				SWIFT_VERSION = 5.0;
				TARGETED_DEVICE_FAMILY = "1,2";
			};
			name = Release;
		};
/* End XCBuildConfiguration section */

/* Begin XCConfigurationList section */
		FBDA2C722317B2AB00E4E994 /* Build configuration list for PBXProject "BarcodeQRGenerator" */ = {
			isa = XCConfigurationList;
			buildConfigurations = (
				FBDA2C872317B2AC00E4E994 /* Debug */,
				FBDA2C882317B2AC00E4E994 /* Release */,
			);
			defaultConfigurationIsVisible = 0;
			defaultConfigurationName = Release;
		};
		FBDA2C892317B2AC00E4E994 /* Build configuration list for PBXNativeTarget "BarcodeQRGenerator" */ = {
			isa = XCConfigurationList;
			buildConfigurations = (
				FBDA2C8A2317B2AC00E4E994 /* Debug */,
				FBDA2C8B2317B2AC00E4E994 /* Release */,
			);
			defaultConfigurationIsVisible = 0;
			defaultConfigurationName = Release;
		};
/* End XCConfigurationList section */
	};
	rootObject = FBDA2C6F2317B2AB00E4E994 /* Project object */;
}
